
Microsoft Visual Studio Solution File, Format Version 12.00
# Visual Studio Version 16
VisualStudioVersion = 16.0.30523.141
MinimumVisualStudioVersion = 10.0.40219.1
Project("{FAE04EC0-301F-11D3-BF4B-00C04F79EFBC}") = "Will", "Will.csproj", "{7613D7B9-A3E3-4930-BE58-38A6D13CEBE6}"
EndProject
Global
	GlobalSection(SolutionConfigurationPlatforms) = preSolution
		Debug|Any CPU = Debug|Any CPU
		Release|Any CPU = Release|Any CPU
	EndGlobalSection
	GlobalSection(ProjectConfigurationPlatforms) = postSolution
		{7613D7B9-A3E3-4930-BE58-38A6D13CEBE6}.Debug|Any CPU.ActiveCfg = Debug|Any CPU
		{7613D7B9-A3E3-4930-BE58-38A6D13CEBE6}.Debug|Any CPU.Build.0 = Debug|Any CPU
		{7613D7B9-A3E3-4930-BE58-38A6D13CEBE6}.Release|Any CPU.ActiveCfg = Release|Any CPU
		{7613D7B9-A3E3-4930-BE58-38A6D13CEBE6}.Release|Any CPU.Build.0 = Release|Any CPU
	EndGlobalSection
	GlobalSection(SolutionProperties) = preSolution
		HideSolutionNode = FALSE
	EndGlobalSection
	GlobalSection(ExtensibilityGlobals) = postSolution
		SolutionGuid = {4C87EE8D-51D4-49BC-860E-800EC874151D}
	EndGlobalSection
EndGlobal
